// !$*UTF8*$!
{
	archiveVersion = 1;
	classes = {
	};
	objectVersion = 55;
	objects = {

/* Begin PBXBuildFile section */
		23031847285263DD00CBA8DF /* AppDelegate.swift in Sources */ = {isa = PBXBuildFile; fileRef = 23031846285263DD00CBA8DF /* AppDelegate.swift */; };
		23031849285263DD00CBA8DF /* SceneDelegate.swift in Sources */ = {isa = PBXBuildFile; fileRef = 23031848285263DD00CBA8DF /* SceneDelegate.swift */; };
		2303184B285263DD00CBA8DF /* ViewController.swift in Sources */ = {isa = PBXBuildFile; fileRef = 2303184A285263DD00CBA8DF /* ViewController.swift */; };
		2303184E285263DD00CBA8DF /* Main.storyboard in Resources */ = {isa = PBXBuildFile; fileRef = 2303184C285263DD00CBA8DF /* Main.storyboard */; };
		23031850285263E000CBA8DF /* Assets.xcassets in Resources */ = {isa = PBXBuildFile; fileRef = 2303184F285263E000CBA8DF /* Assets.xcassets */; };
		23031853285263E000CBA8DF /* LaunchScreen.storyboard in Resources */ = {isa = PBXBuildFile; fileRef = 23031851285263E000CBA8DF /* LaunchScreen.storyboard */; };
		2303185E285263E100CBA8DF /* appTests.swift in Sources */ = {isa = PBXBuildFile; fileRef = 2303185D285263E100CBA8DF /* appTests.swift */; };
		23031868285263E100CBA8DF /* appUITests.swift in Sources */ = {isa = PBXBuildFile; fileRef = 23031867285263E100CBA8DF /* appUITests.swift */; };
		2303186A285263E100CBA8DF /* appUITestsLaunchTests.swift in Sources */ = {isa = PBXBuildFile; fileRef = 23031869285263E100CBA8DF /* appUITestsLaunchTests.swift */; };
		23031878285264EB00CBA8DF /* Starscream in Frameworks */ = {isa = PBXBuildFile; productRef = 23031877285264EB00CBA8DF /* Starscream */; };
/* End PBXBuildFile section */

/* Begin PBXContainerItemProxy section */
		2303185A285263E100CBA8DF /* PBXContainerItemProxy */ = {
			isa = PBXContainerItemProxy;
			containerPortal = 2303183B285263DC00CBA8DF /* Project object */;
			proxyType = 1;
			remoteGlobalIDString = 23031842285263DD00CBA8DF;
			remoteInfo = app;
		};
		23031864285263E100CBA8DF /* PBXContainerItemProxy */ = {
			isa = PBXContainerItemProxy;
			containerPortal = 2303183B285263DC00CBA8DF /* Project object */;
			proxyType = 1;
			remoteGlobalIDString = 23031842285263DD00CBA8DF;
			remoteInfo = app;
		};
/* End PBXContainerItemProxy section */

/* Begin PBXFileReference section */
		23031843285263DD00CBA8DF /* app.app */ = {isa = PBXFileReference; explicitFileType = wrapper.application; includeInIndex = 0; path = app.app; sourceTree = BUILT_PRODUCTS_DIR; };
		23031846285263DD00CBA8DF /* AppDelegate.swift */ = {isa = PBXFileReference; lastKnownFileType = sourcecode.swift; path = AppDelegate.swift; sourceTree = "<group>"; };
		23031848285263DD00CBA8DF /* SceneDelegate.swift */ = {isa = PBXFileReference; lastKnownFileType = sourcecode.swift; path = SceneDelegate.swift; sourceTree = "<group>"; };
		2303184A285263DD00CBA8DF /* ViewController.swift */ = {isa = PBXFileReference; lastKnownFileType = sourcecode.swift; path = ViewController.swift; sourceTree = "<group>"; };
		2303184D285263DD00CBA8DF /* Base */ = {isa = PBXFileReference; lastKnownFileType = file.storyboard; name = Base; path = Base.lproj/Main.storyboard; sourceTree = "<group>"; };
		2303184F285263E000CBA8DF /* Assets.xcassets */ = {isa = PBXFileReference; lastKnownFileType = folder.assetcatalog; path = Assets.xcassets; sourceTree = "<group>"; };
		23031852285263E000CBA8DF /* Base */ = {isa = PBXFileReference; lastKnownFileType = file.storyboard; name = Base; path = Base.lproj/LaunchScreen.storyboard; sourceTree = "<group>"; };
		23031854285263E000CBA8DF /* Info.plist */ = {isa = PBXFileReference; lastKnownFileType = text.plist.xml; path = Info.plist; sourceTree = "<group>"; };
		23031859285263E100CBA8DF /* appTests.xctest */ = {isa = PBXFileReference; explicitFileType = wrapper.cfbundle; includeInIndex = 0; path = appTests.xctest; sourceTree = BUILT_PRODUCTS_DIR; };
		2303185D285263E100CBA8DF /* appTests.swift */ = {isa = PBXFileReference; lastKnownFileType = sourcecode.swift; path = appTests.swift; sourceTree = "<group>"; };
		23031863285263E100CBA8DF /* appUITests.xctest */ = {isa = PBXFileReference; explicitFileType = wrapper.cfbundle; includeInIndex = 0; path = appUITests.xctest; sourceTree = BUILT_PRODUCTS_DIR; };
		23031867285263E100CBA8DF /* appUITests.swift */ = {isa = PBXFileReference; lastKnownFileType = sourcecode.swift; path = appUITests.swift; sourceTree = "<group>"; };
		23031869285263E100CBA8DF /* appUITestsLaunchTests.swift */ = {isa = PBXFileReference; lastKnownFileType = sourcecode.swift; path = appUITestsLaunchTests.swift; sourceTree = "<group>"; };
/* End PBXFileReference section */

/* Begin PBXFrameworksBuildPhase section */
		23031840285263DD00CBA8DF /* Frameworks */ = {
			isa = PBXFrameworksBuildPhase;
			buildActionMask = 2147483647;
			files = (
				23031878285264EB00CBA8DF /* Starscream in Frameworks */,
			);
			runOnlyForDeploymentPostprocessing = 0;
		};
		23031856285263E100CBA8DF /* Frameworks */ = {
			isa = PBXFrameworksBuildPhase;
			buildActionMask = 2147483647;
			files = (
			);
			runOnlyForDeploymentPostprocessing = 0;
		};
		23031860285263E100CBA8DF /* Frameworks */ = {
			isa = PBXFrameworksBuildPhase;
			buildActionMask = 2147483647;
			files = (
			);
			runOnlyForDeploymentPostprocessing = 0;
		};
/* End PBXFrameworksBuildPhase section */

/* Begin PBXGroup section */
		2303183A285263DC00CBA8DF = {
			isa = PBXGroup;
			children = (
				23031845285263DD00CBA8DF /* app */,
				2303185C285263E100CBA8DF /* appTests */,
				23031866285263E100CBA8DF /* appUITests */,
				23031844285263DD00CBA8DF /* Products */,
			);
			sourceTree = "<group>";
		};
		23031844285263DD00CBA8DF /* Products */ = {
			isa = PBXGroup;
			children = (
				23031843285263DD00CBA8DF /* app.app */,
				23031859285263E100CBA8DF /* appTests.xctest */,
				23031863285263E100CBA8DF /* appUITests.xctest */,
			);
			name = Products;
			sourceTree = "<group>";
		};
		23031845285263DD00CBA8DF /* app */ = {
			isa = PBXGroup;
			children = (
				23031846285263DD00CBA8DF /* AppDelegate.swift */,
				23031848285263DD00CBA8DF /* SceneDelegate.swift */,
				2303184A285263DD00CBA8DF /* ViewController.swift */,
				2303184C285263DD00CBA8DF /* Main.storyboard */,
				2303184F285263E000CBA8DF /* Assets.xcassets */,
				23031851285263E000CBA8DF /* LaunchScreen.storyboard */,
				23031854285263E000CBA8DF /* Info.plist */,
			);
			path = app;
			sourceTree = "<group>";
		};
		2303185C285263E100CBA8DF /* appTests */ = {
			isa = PBXGroup;
			children = (
				2303185D285263E100CBA8DF /* appTests.swift */,
			);
			path = appTests;
			sourceTree = "<group>";
		};
		23031866285263E100CBA8DF /* appUITests */ = {
			isa = PBXGroup;
			children = (
				23031867285263E100CBA8DF /* appUITests.swift */,
				23031869285263E100CBA8DF /* appUITestsLaunchTests.swift */,
			);
			path = appUITests;
			sourceTree = "<group>";
		};
/* End PBXGroup section */

/* Begin PBXNativeTarget section */
		23031842285263DD00CBA8DF /* app */ = {
			isa = PBXNativeTarget;
			buildConfigurationList = 2303186D285263E100CBA8DF /* Build configuration list for PBXNativeTarget "app" */;
			buildPhases = (
				2303183F285263DD00CBA8DF /* Sources */,
				23031840285263DD00CBA8DF /* Frameworks */,
				23031841285263DD00CBA8DF /* Resources */,
			);
			buildRules = (
			);
			dependencies = (
			);
			name = app;
			packageProductDependencies = (
				23031877285264EB00CBA8DF /* Starscream */,
			);
			productName = app;
			productReference = 23031843285263DD00CBA8DF /* app.app */;
			productType = "com.apple.product-type.application";
		};
		23031858285263E100CBA8DF /* appTests */ = {
			isa = PBXNativeTarget;
			buildConfigurationList = 23031870285263E100CBA8DF /* Build configuration list for PBXNativeTarget "appTests" */;
			buildPhases = (
				23031855285263E100CBA8DF /* Sources */,
				23031856285263E100CBA8DF /* Frameworks */,
				23031857285263E100CBA8DF /* Resources */,
			);
			buildRules = (
			);
			dependencies = (
				2303185B285263E100CBA8DF /* PBXTargetDependency */,
			);
			name = appTests;
			productName = appTests;
			productReference = 23031859285263E100CBA8DF /* appTests.xctest */;
			productType = "com.apple.product-type.bundle.unit-test";
		};
		23031862285263E100CBA8DF /* appUITests */ = {
			isa = PBXNativeTarget;
			buildConfigurationList = 23031873285263E100CBA8DF /* Build configuration list for PBXNativeTarget "appUITests" */;
			buildPhases = (
				2303185F285263E100CBA8DF /* Sources */,
				23031860285263E100CBA8DF /* Frameworks */,
				23031861285263E100CBA8DF /* Resources */,
			);
			buildRules = (
			);
			dependencies = (
				23031865285263E100CBA8DF /* PBXTargetDependency */,
			);
			name = appUITests;
			productName = appUITests;
			productReference = 23031863285263E100CBA8DF /* appUITests.xctest */;
			productType = "com.apple.product-type.bundle.ui-testing";
		};
/* End PBXNativeTarget section */

/* Begin PBXProject section */
		2303183B285263DC00CBA8DF /* Project object */ = {
			isa = PBXProject;
			attributes = {
				BuildIndependentTargetsInParallel = 1;
				LastSwiftUpdateCheck = 1340;
				LastUpgradeCheck = 1340;
				TargetAttributes = {
					23031842285263DD00CBA8DF = {
						CreatedOnToolsVersion = 13.4.1;
					};
					23031858285263E100CBA8DF = {
						CreatedOnToolsVersion = 13.4.1;
						TestTargetID = 23031842285263DD00CBA8DF;
					};
					23031862285263E100CBA8DF = {
						CreatedOnToolsVersion = 13.4.1;
						TestTargetID = 23031842285263DD00CBA8DF;
					};
				};
			};
			buildConfigurationList = 2303183E285263DC00CBA8DF /* Build configuration list for PBXProject "app" */;
			compatibilityVersion = "Xcode 13.0";
			developmentRegion = en;
			hasScannedForEncodings = 0;
			knownRegions = (
				en,
				Base,
			);
			mainGroup = 2303183A285263DC00CBA8DF;
			packageReferences = (
				23031876285264EB00CBA8DF /* XCRemoteSwiftPackageReference "Starscream" */,
			);
			productRefGroup = 23031844285263DD00CBA8DF /* Products */;
			projectDirPath = "";
			projectRoot = "";
			targets = (
				23031842285263DD00CBA8DF /* app */,
				23031858285263E100CBA8DF /* appTests */,
				23031862285263E100CBA8DF /* appUITests */,
			);
		};
/* End PBXProject section */

/* Begin PBXResourcesBuildPhase section */
		23031841285263DD00CBA8DF /* Resources */ = {
			isa = PBXResourcesBuildPhase;
			buildActionMask = 2147483647;
			files = (
				23031853285263E000CBA8DF /* LaunchScreen.storyboard in Resources */,
				23031850285263E000CBA8DF /* Assets.xcassets in Resources */,
				2303184E285263DD00CBA8DF /* Main.storyboard in Resources */,
			);
			runOnlyForDeploymentPostprocessing = 0;
		};
		23031857285263E100CBA8DF /* Resources */ = {
			isa = PBXResourcesBuildPhase;
			buildActionMask = 2147483647;
			files = (
			);
			runOnlyForDeploymentPostprocessing = 0;
		};
		23031861285263E100CBA8DF /* Resources */ = {
			isa = PBXResourcesBuildPhase;
			buildActionMask = 2147483647;
			files = (
			);
			runOnlyForDeploymentPostprocessing = 0;
		};
/* End PBXResourcesBuildPhase section */

/* Begin PBXSourcesBuildPhase section */
		2303183F285263DD00CBA8DF /* Sources */ = {
			isa = PBXSourcesBuildPhase;
			buildActionMask = 2147483647;
			files = (
				2303184B285263DD00CBA8DF /* ViewController.swift in Sources */,
				23031847285263DD00CBA8DF /* AppDelegate.swift in Sources */,
				23031849285263DD00CBA8DF /* SceneDelegate.swift in Sources */,
			);
			runOnlyForDeploymentPostprocessing = 0;
		};
		23031855285263E100CBA8DF /* Sources */ = {
			isa = PBXSourcesBuildPhase;
			buildActionMask = 2147483647;
			files = (
				2303185E285263E100CBA8DF /* appTests.swift in Sources */,
			);
			runOnlyForDeploymentPostprocessing = 0;
		};
		2303185F285263E100CBA8DF /* Sources */ = {
			isa = PBXSourcesBuildPhase;
			buildActionMask = 2147483647;
			files = (
				2303186A285263E100CBA8DF /* appUITestsLaunchTests.swift in Sources */,
				23031868285263E100CBA8DF /* appUITests.swift in Sources */,
			);
			runOnlyForDeploymentPostprocessing = 0;
		};
/* End PBXSourcesBuildPhase section */

/* Begin PBXTargetDependency section */
		2303185B285263E100CBA8DF /* PBXTargetDependency */ = {
			isa = PBXTargetDependency;
			target = 23031842285263DD00CBA8DF /* app */;
			targetProxy = 2303185A285263E100CBA8DF /* PBXContainerItemProxy */;
		};
		23031865285263E100CBA8DF /* PBXTargetDependency */ = {
			isa = PBXTargetDependency;
			target = 23031842285263DD00CBA8DF /* app */;
			targetProxy = 23031864285263E100CBA8DF /* PBXContainerItemProxy */;
		};
/* End PBXTargetDependency section */

/* Begin PBXVariantGroup section */
		2303184C285263DD00CBA8DF /* Main.storyboard */ = {
			isa = PBXVariantGroup;
			children = (
				2303184D285263DD00CBA8DF /* Base */,
			);
			name = Main.storyboard;
			sourceTree = "<group>";
		};
		23031851285263E000CBA8DF /* LaunchScreen.storyboard */ = {
			isa = PBXVariantGroup;
			children = (
				23031852285263E000CBA8DF /* Base */,
			);
			name = LaunchScreen.storyboard;
			sourceTree = "<group>";
		};
/* End PBXVariantGroup section */

/* Begin XCBuildConfiguration section */
		2303186B285263E100CBA8DF /* Debug */ = {
			isa = XCBuildConfiguration;
			buildSettings = {
				ALWAYS_SEARCH_USER_PATHS = NO;
				CLANG_ANALYZER_NONNULL = YES;
				CLANG_ANALYZER_NUMBER_OBJECT_CONVERSION = YES_AGGRESSIVE;
				CLANG_CXX_LANGUAGE_STANDARD = "gnu++17";
				CLANG_ENABLE_MODULES = YES;
				CLANG_ENABLE_OBJC_ARC = YES;
				CLANG_ENABLE_OBJC_WEAK = YES;
				CLANG_WARN_BLOCK_CAPTURE_AUTORELEASING = YES;
				CLANG_WARN_BOOL_CONVERSION = YES;
				CLANG_WARN_COMMA = YES;
				CLANG_WARN_CONSTANT_CONVERSION = YES;
				CLANG_WARN_DEPRECATED_OBJC_IMPLEMENTATIONS = YES;
				CLANG_WARN_DIRECT_OBJC_ISA_USAGE = YES_ERROR;
				CLANG_WARN_DOCUMENTATION_COMMENTS = YES;
				CLANG_WARN_EMPTY_BODY = YES;
				CLANG_WARN_ENUM_CONVERSION = YES;
				CLANG_WARN_INFINITE_RECURSION = YES;
				CLANG_WARN_INT_CONVERSION = YES;
				CLANG_WARN_NON_LITERAL_NULL_CONVERSION = YES;
				CLANG_WARN_OBJC_IMPLICIT_RETAIN_SELF = YES;
				CLANG_WARN_OBJC_LITERAL_CONVERSION = YES;
				CLANG_WARN_OBJC_ROOT_CLASS = YES_ERROR;
				CLANG_WARN_QUOTED_INCLUDE_IN_FRAMEWORK_HEADER = YES;
				CLANG_WARN_RANGE_LOOP_ANALYSIS = YES;
				CLANG_WARN_STRICT_PROTOTYPES = YES;
				CLANG_WARN_SUSPICIOUS_MOVE = YES;
				CLANG_WARN_UNGUARDED_AVAILABILITY = YES_AGGRESSIVE;
				CLANG_WARN_UNREACHABLE_CODE = YES;
				CLANG_WARN__DUPLICATE_METHOD_MATCH = YES;
				COPY_PHASE_STRIP = NO;
				DEBUG_INFORMATION_FORMAT = dwarf;
				ENABLE_STRICT_OBJC_MSGSEND = YES;
				ENABLE_TESTABILITY = YES;
				GCC_C_LANGUAGE_STANDARD = gnu11;
				GCC_DYNAMIC_NO_PIC = NO;
				GCC_NO_COMMON_BLOCKS = YES;
				GCC_OPTIMIZATION_LEVEL = 0;
				GCC_PREPROCESSOR_DEFINITIONS = (
					"DEBUG=1",
					"$(inherited)",
				);
				GCC_WARN_64_TO_32_BIT_CONVERSION = YES;
				GCC_WARN_ABOUT_RETURN_TYPE = YES_ERROR;
				GCC_WARN_UNDECLARED_SELECTOR = YES;
				GCC_WARN_UNINITIALIZED_AUTOS = YES_AGGRESSIVE;
				GCC_WARN_UNUSED_FUNCTION = YES;
				GCC_WARN_UNUSED_VARIABLE = YES;
				IPHONEOS_DEPLOYMENT_TARGET = 15.5;
				MTL_ENABLE_DEBUG_INFO = INCLUDE_SOURCE;
				MTL_FAST_MATH = YES;
				ONLY_ACTIVE_ARCH = YES;
				SDKROOT = iphoneos;
				SWIFT_ACTIVE_COMPILATION_CONDITIONS = DEBUG;
				SWIFT_OPTIMIZATION_LEVEL = "-Onone";
			};
			name = Debug;
		};
		2303186C285263E100CBA8DF /* Release */ = {
			isa = XCBuildConfiguration;
			buildSettings = {
				ALWAYS_SEARCH_USER_PATHS = NO;
				CLANG_ANALYZER_NONNULL = YES;
				CLANG_ANALYZER_NUMBER_OBJECT_CONVERSION = YES_AGGRESSIVE;
				CLANG_CXX_LANGUAGE_STANDARD = "gnu++17";
				CLANG_ENABLE_MODULES = YES;
				CLANG_ENABLE_OBJC_ARC = YES;
				CLANG_ENABLE_OBJC_WEAK = YES;
				CLANG_WARN_BLOCK_CAPTURE_AUTORELEASING = YES;
				CLANG_WARN_BOOL_CONVERSION = YES;
				CLANG_WARN_COMMA = YES;
				CLANG_WARN_CONSTANT_CONVERSION = YES;
				CLANG_WARN_DEPRECATED_OBJC_IMPLEMENTATIONS = YES;
				CLANG_WARN_DIRECT_OBJC_ISA_USAGE = YES_ERROR;
				CLANG_WARN_DOCUMENTATION_COMMENTS = YES;
				CLANG_WARN_EMPTY_BODY = YES;
				CLANG_WARN_ENUM_CONVERSION = YES;
				CLANG_WARN_INFINITE_RECURSION = YES;
				CLANG_WARN_INT_CONVERSION = YES;
				CLANG_WARN_NON_LITERAL_NULL_CONVERSION = YES;
				CLANG_WARN_OBJC_IMPLICIT_RETAIN_SELF = YES;
				CLANG_WARN_OBJC_LITERAL_CONVERSION = YES;
				CLANG_WARN_OBJC_ROOT_CLASS = YES_ERROR;
				CLANG_WARN_QUOTED_INCLUDE_IN_FRAMEWORK_HEADER = YES;
				CLANG_WARN_RANGE_LOOP_ANALYSIS = YES;
				CLANG_WARN_STRICT_PROTOTYPES = YES;
				CLANG_WARN_SUSPICIOUS_MOVE = YES;
				CLANG_WARN_UNGUARDED_AVAILABILITY = YES_AGGRESSIVE;
				CLANG_WARN_UNREACHABLE_CODE = YES;
				CLANG_WARN__DUPLICATE_METHOD_MATCH = YES;
				COPY_PHASE_STRIP = NO;
				DEBUG_INFORMATION_FORMAT = "dwarf-with-dsym";
				ENABLE_NS_ASSERTIONS = NO;
				ENABLE_STRICT_OBJC_MSGSEND = YES;
				GCC_C_LANGUAGE_STANDARD = gnu11;
				GCC_NO_COMMON_BLOCKS = YES;
				GCC_WARN_64_TO_32_BIT_CONVERSION = YES;
				GCC_WARN_ABOUT_RETURN_TYPE = YES_ERROR;
				GCC_WARN_UNDECLARED_SELECTOR = YES;
				GCC_WARN_UNINITIALIZED_AUTOS = YES_AGGRESSIVE;
				GCC_WARN_UNUSED_FUNCTION = YES;
				GCC_WARN_UNUSED_VARIABLE = YES;
				IPHONEOS_DEPLOYMENT_TARGET = 15.5;
				MTL_ENABLE_DEBUG_INFO = NO;
				MTL_FAST_MATH = YES;
				SDKROOT = iphoneos;
				SWIFT_COMPILATION_MODE = wholemodule;
				SWIFT_OPTIMIZATION_LEVEL = "-O";
				VALIDATE_PRODUCT = YES;
			};
			name = Release;
		};
		2303186E285263E100CBA8DF /* Debug */ = {
			isa = XCBuildConfiguration;
			buildSettings = {
				ASSETCATALOG_COMPILER_APPICON_NAME = AppIcon;
				ASSETCATALOG_COMPILER_GLOBAL_ACCENT_COLOR_NAME = AccentColor;
				CODE_SIGN_STYLE = Automatic;
				CURRENT_PROJECT_VERSION = 1;
				DEVELOPMENT_TEAM = G8RH83B4LT;
				GENERATE_INFOPLIST_FILE = YES;
				INFOPLIST_FILE = app/Info.plist;
				INFOPLIST_KEY_UIApplicationSupportsIndirectInputEvents = YES;
				INFOPLIST_KEY_UILaunchStoryboardName = LaunchScreen;
				INFOPLIST_KEY_UIMainStoryboardFile = Main;
				INFOPLIST_KEY_UISupportedInterfaceOrientations_iPad = "UIInterfaceOrientationPortrait UIInterfaceOrientationPortraitUpsideDown UIInterfaceOrientationLandscapeLeft UIInterfaceOrientationLandscapeRight";
				INFOPLIST_KEY_UISupportedInterfaceOrientations_iPhone = "UIInterfaceOrientationPortrait UIInterfaceOrientationLandscapeLeft UIInterfaceOrientationLandscapeRight";
				LD_RUNPATH_SEARCH_PATHS = (
					"$(inherited)",
					"@executable_path/Frameworks",
				);
				MARKETING_VERSION = 1.0;
				PRODUCT_BUNDLE_IDENTIFIER = com.ryu.app;
				PRODUCT_NAME = "$(TARGET_NAME)";
				SWIFT_EMIT_LOC_STRINGS = YES;
				SWIFT_VERSION = 5.0;
				TARGETED_DEVICE_FAMILY = "1,2";
			};
			name = Debug;
		};
		2303186F285263E100CBA8DF /* Release */ = {
			isa = XCBuildConfiguration;
			buildSettings = {
				ASSETCATALOG_COMPILER_APPICON_NAME = AppIcon;
				ASSETCATALOG_COMPILER_GLOBAL_ACCENT_COLOR_NAME = AccentColor;
				CODE_SIGN_STYLE = Automatic;
				CURRENT_PROJECT_VERSION = 1;
				DEVELOPMENT_TEAM = G8RH83B4LT;
				GENERATE_INFOPLIST_FILE = YES;
				INFOPLIST_FILE = app/Info.plist;
				INFOPLIST_KEY_UIApplicationSupportsIndirectInputEvents = YES;
				INFOPLIST_KEY_UILaunchStoryboardName = LaunchScreen;
				INFOPLIST_KEY_UIMainStoryboardFile = Main;
				INFOPLIST_KEY_UISupportedInterfaceOrientations_iPad = "UIInterfaceOrientationPortrait UIInterfaceOrientationPortraitUpsideDown UIInterfaceOrientationLandscapeLeft UIInterfaceOrientationLandscapeRight";
				INFOPLIST_KEY_UISupportedInterfaceOrientations_iPhone = "UIInterfaceOrientationPortrait UIInterfaceOrientationLandscapeLeft UIInterfaceOrientationLandscapeRight";
				LD_RUNPATH_SEARCH_PATHS = (
					"$(inherited)",
					"@executable_path/Frameworks",
				);
				MARKETING_VERSION = 1.0;
				PRODUCT_BUNDLE_IDENTIFIER = com.ryu.app;
				PRODUCT_NAME = "$(TARGET_NAME)";
				SWIFT_EMIT_LOC_STRINGS = YES;
				SWIFT_VERSION = 5.0;
				TARGETED_DEVICE_FAMILY = "1,2";
			};
			name = Release;
		};
		23031871285263E100CBA8DF /* Debug */ = {
			isa = XCBuildConfiguration;
			buildSettings = {
				ALWAYS_EMBED_SWIFT_STANDARD_LIBRARIES = YES;
				BUNDLE_LOADER = "$(TEST_HOST)";
				CODE_SIGN_STYLE = Automatic;
				CURRENT_PROJECT_VERSION = 1;
				DEVELOPMENT_TEAM = G8RH83B4LT;
				GENERATE_INFOPLIST_FILE = YES;
				IPHONEOS_DEPLOYMENT_TARGET = 15.5;
				MARKETING_VERSION = 1.0;
				PRODUCT_BUNDLE_IDENTIFIER = com.ryu.appTests;
				PRODUCT_NAME = "$(TARGET_NAME)";
				SWIFT_EMIT_LOC_STRINGS = NO;
				SWIFT_VERSION = 5.0;
				TARGETED_DEVICE_FAMILY = "1,2";
				TEST_HOST = "$(BUILT_PRODUCTS_DIR)/app.app/app";
			};
			name = Debug;
		};
		23031872285263E100CBA8DF /* Release */ = {
			isa = XCBuildConfiguration;
			buildSettings = {
				ALWAYS_EMBED_SWIFT_STANDARD_LIBRARIES = YES;
				BUNDLE_LOADER = "$(TEST_HOST)";
				CODE_SIGN_STYLE = Automatic;
				CURRENT_PROJECT_VERSION = 1;
				DEVELOPMENT_TEAM = G8RH83B4LT;
				GENERATE_INFOPLIST_FILE = YES;
				IPHONEOS_DEPLOYMENT_TARGET = 15.5;
				MARKETING_VERSION = 1.0;
				PRODUCT_BUNDLE_IDENTIFIER = com.ryu.appTests;
				PRODUCT_NAME = "$(TARGET_NAME)";
				SWIFT_EMIT_LOC_STRINGS = NO;
				SWIFT_VERSION = 5.0;
				TARGETED_DEVICE_FAMILY = "1,2";
				TEST_HOST = "$(BUILT_PRODUCTS_DIR)/app.app/app";
			};
			name = Release;
		};
		23031874285263E100CBA8DF /* Debug */ = {
			isa = XCBuildConfiguration;
			buildSettings = {
				ALWAYS_EMBED_SWIFT_STANDARD_LIBRARIES = YES;
				CODE_SIGN_STYLE = Automatic;
				CURRENT_PROJECT_VERSION = 1;
				DEVELOPMENT_TEAM = G8RH83B4LT;
				GENERATE_INFOPLIST_FILE = YES;
				MARKETING_VERSION = 1.0;
				PRODUCT_BUNDLE_IDENTIFIER = com.ryu.appUITests;
				PRODUCT_NAME = "$(TARGET_NAME)";
				SWIFT_EMIT_LOC_STRINGS = NO;
				SWIFT_VERSION = 5.0;
				TARGETED_DEVICE_FAMILY = "1,2";
				TEST_TARGET_NAME = app;
			};
			name = Debug;
		};
		23031875285263E100CBA8DF /* Release */ = {
			isa = XCBuildConfiguration;
			buildSettings = {
				ALWAYS_EMBED_SWIFT_STANDARD_LIBRARIES = YES;
				CODE_SIGN_STYLE = Automatic;
				CURRENT_PROJECT_VERSION = 1;
				DEVELOPMENT_TEAM = G8RH83B4LT;
				GENERATE_INFOPLIST_FILE = YES;
				MARKETING_VERSION = 1.0;
				PRODUCT_BUNDLE_IDENTIFIER = com.ryu.appUITests;
				PRODUCT_NAME = "$(TARGET_NAME)";
				SWIFT_EMIT_LOC_STRINGS = NO;
				SWIFT_VERSION = 5.0;
				TARGETED_DEVICE_FAMILY = "1,2";
				TEST_TARGET_NAME = app;
			};
			name = Release;
		};
/* End XCBuildConfiguration section */

/* Begin XCConfigurationList section */
		2303183E285263DC00CBA8DF /* Build configuration list for PBXProject "app" */ = {
			isa = XCConfigurationList;
			buildConfigurations = (
				2303186B285263E100CBA8DF /* Debug */,
				2303186C285263E100CBA8DF /* Release */,
			);
			defaultConfigurationIsVisible = 0;
			defaultConfigurationName = Release;
		};
		2303186D285263E100CBA8DF /* Build configuration list for PBXNativeTarget "app" */ = {
			isa = XCConfigurationList;
			buildConfigurations = (
				2303186E285263E100CBA8DF /* Debug */,
				2303186F285263E100CBA8DF /* Release */,
			);
			defaultConfigurationIsVisible = 0;
			defaultConfigurationName = Release;
		};
		23031870285263E100CBA8DF /* Build configuration list for PBXNativeTarget "appTests" */ = {
			isa = XCConfigurationList;
			buildConfigurations = (
				23031871285263E100CBA8DF /* Debug */,
				23031872285263E100CBA8DF /* Release */,
			);
			defaultConfigurationIsVisible = 0;
			defaultConfigurationName = Release;
		};
		23031873285263E100CBA8DF /* Build configuration list for PBXNativeTarget "appUITests" */ = {
			isa = XCConfigurationList;
			buildConfigurations = (
				23031874285263E100CBA8DF /* Debug */,
				23031875285263E100CBA8DF /* Release */,
			);
			defaultConfigurationIsVisible = 0;
			defaultConfigurationName = Release;
		};
/* End XCConfigurationList section */

/* Begin XCRemoteSwiftPackageReference section */
		23031876285264EB00CBA8DF /* XCRemoteSwiftPackageReference "Starscream" */ = {
			isa = XCRemoteSwiftPackageReference;
			repositoryURL = "https://github.com/daltoniam/Starscream";
			requirement = {
				kind = upToNextMajorVersion;
				minimumVersion = 4.0.0;
			};
		};
/* End XCRemoteSwiftPackageReference section */

/* Begin XCSwiftPackageProductDependency section */
		23031877285264EB00CBA8DF /* Starscream */ = {
			isa = XCSwiftPackageProductDependency;
			package = 23031876285264EB00CBA8DF /* XCRemoteSwiftPackageReference "Starscream" */;
			productName = Starscream;
		};
/* End XCSwiftPackageProductDependency section */
	};
	rootObject = 2303183B285263DC00CBA8DF /* Project object */;
}
